
Microsoft Visual Studio Solution File, Format Version 12.00
# Visual Studio Version 16
VisualStudioVersion = 16.0.32002.261
MinimumVisualStudioVersion = 10.0.40219.1
Project("{FAE04EC0-301F-11D3-BF4B-00C04F79EFBC}") = "ItemList", "ItemList.csproj", "{E21BFC27-5B0A-489C-B8C9-7E524722D4E5}"
EndProject
Global
	GlobalSection(SolutionConfigurationPlatforms) = preSolution
		Debug|Any CPU = Debug|Any CPU
		Release|Any CPU = Release|Any CPU
	EndGlobalSection
	GlobalSection(ProjectConfigurationPlatforms) = postSolution
		{E21BFC27-5B0A-489C-B8C9-7E524722D4E5}.Debug|Any CPU.ActiveCfg = Debug|Any CPU
		{E21BFC27-5B0A-489C-B8C9-7E524722D4E5}.Debug|Any CPU.Build.0 = Debug|Any CPU
		{E21BFC27-5B0A-489C-B8C9-7E524722D4E5}.Release|Any CPU.ActiveCfg = Release|Any CPU
		{E21BFC27-5B0A-489C-B8C9-7E524722D4E5}.Release|Any CPU.Build.0 = Release|Any CPU
	EndGlobalSection
	GlobalSection(SolutionProperties) = preSolution
		HideSolutionNode = FALSE
	EndGlobalSection
	GlobalSection(ExtensibilityGlobals) = postSolution
		SolutionGuid = {FC491578-600A-4A23-A13D-B0B140C2F340}
	EndGlobalSection
EndGlobal
